
Microsoft Visual Studio Solution File, Format Version 12.00
# Visual Studio 15
VisualStudioVersion = 15.0.26403.0
MinimumVisualStudioVersion = 10.0.40219.1
Project("{FAE04EC0-301F-11D3-BF4B-00C04F79EFBC}") = "Core", "src\Core\Core.csproj", "{7D2D2E4E-31BE-4CEF-9C00-2898AEB42AB2}"
EndProject
Project("{9A19103F-16F7-4668-BE54-9A1E7A4F7556}") = "Test", "src\Test\Test.csproj", "{F7C803FA-8C8B-409B-A4D1-E5D36A2E0638}"
EndProject
Global
	GlobalSection(SolutionConfigurationPlatforms) = preSolution
		Debug|Any CPU = Debug|Any CPU
		Release|Any CPU = Release|Any CPU
	EndGlobalSection
	GlobalSection(ProjectConfigurationPlatforms) = postSolution
		{7D2D2E4E-31BE-4CEF-9C00-2898AEB42AB2}.Debug|Any CPU.ActiveCfg = Debug|Any CPU
		{7D2D2E4E-31BE-4CEF-9C00-2898AEB42AB2}.Debug|Any CPU.Build.0 = Debug|Any CPU
		{7D2D2E4E-31BE-4CEF-9C00-2898AEB42AB2}.Release|Any CPU.ActiveCfg = Release|Any CPU
		{7D2D2E4E-31BE-4CEF-9C00-2898AEB42AB2}.Release|Any CPU.Build.0 = Release|Any CPU
		{F7C803FA-8C8B-409B-A4D1-E5D36A2E0638}.Debug|Any CPU.ActiveCfg = Debug|Any CPU
		{F7C803FA-8C8B-409B-A4D1-E5D36A2E0638}.Debug|Any CPU.Build.0 = Debug|Any CPU
		{F7C803FA-8C8B-409B-A4D1-E5D36A2E0638}.Release|Any CPU.ActiveCfg = Release|Any CPU
		{F7C803FA-8C8B-409B-A4D1-E5D36A2E0638}.Release|Any CPU.Build.0 = Release|Any CPU
	EndGlobalSection
	GlobalSection(SolutionProperties) = preSolution
		HideSolutionNode = FALSE
	EndGlobalSection
EndGlobal
